{
  "name": "ui-primeng",
  "lockfileVersion": 3,
  "requires": true,
  "packages": {
    "": {
      "peerDependencies": {
        "@angular/common": "^16.0.0",
        "@angular/core": "^16.0.0",
        "primeng": "^16.0.0-rc.2"
      }
    },
    "node_modules/@angular/common": {
      "version": "16.0.2",
      "resolved": "https://registry.npmjs.org/@angular/common/-/common-16.0.2.tgz",
      "integrity": "sha512-nCuDnsHNmC5ouQWTKtUaI8HG4gEzBJW94uf0kBfYP6SEENDMybATBTvWWTnuqSTDolyYSDkgvV0tKRb87SBykg==",
      "peer": true,
      "dependencies": {
        "tslib": "^2.3.0"
      },
      "engines": {
        "node": "^16.14.0 || >=18.10.0"
      },
      "peerDependencies": {
        "@angular/core": "16.0.2",
        "rxjs": "^6.5.3 || ^7.4.0"
      }
    },
    "node_modules/@angular/core": {
      "version": "16.0.2",
      "resolved": "https://registry.npmjs.org/@angular/core/-/core-16.0.2.tgz",
      "integrity": "sha512-uPa2A+nVqwljDepahMn2ndgWg/a14VnTqgunXJP9q/Us98I/YGdryake4aTfXHUAdLON/R9IzomiXeFDYp5cJQ==",
      "peer": true,
      "dependencies": {
        "tslib": "^2.3.0"
      },
      "engines": {
        "node": "^16.14.0 || >=18.10.0"
      },
      "peerDependencies": {
        "rxjs": "^6.5.3 || ^7.4.0",
        "zone.js": "~0.13.0"
      }
    },
    "node_modules/@angular/forms": {
      "version": "16.0.2",
      "resolved": "https://registry.npmjs.org/@angular/forms/-/forms-16.0.2.tgz",
      "integrity": "sha512-sx46q0RgEH2yyb3jT5IZ0OuVzzrfKKmOui6XzuthwLdswgn+lylTduNxobqpnrnlCe8aNqM29dUtmpkpOK8p2g==",
      "peer": true,
      "dependencies": {
        "tslib": "^2.3.0"
      },
      "engines": {
        "node": "^16.14.0 || >=18.10.0"
      },
      "peerDependencies": {
        "@angular/common": "16.0.2",
        "@angular/core": "16.0.2",
        "@angular/platform-browser": "16.0.2",
        "rxjs": "^6.5.3 || ^7.4.0"
      }
    },
    "node_modules/@angular/platform-browser": {
      "version": "16.0.2",
      "resolved": "https://registry.npmjs.org/@angular/platform-browser/-/platform-browser-16.0.2.tgz",
      "integrity": "sha512-sGGUBnKGY6T9MLfD25wr83agYObNnF6GhuSDwKqf9m0QUuV3yeer3ZVnBAI4fjnDv/bi8w5qdisnK2+X0N+Tfg==",
      "peer": true,
      "dependencies": {
        "tslib": "^2.3.0"
      },
      "engines": {
        "node": "^16.14.0 || >=18.10.0"
      },
      "peerDependencies": {
        "@angular/animations": "16.0.2",
        "@angular/common": "16.0.2",
        "@angular/core": "16.0.2"
      },
      "peerDependenciesMeta": {
        "@angular/animations": {
          "optional": true
        }
      }
    },
    "node_modules/primeng": {
      "version": "16.0.0-rc.2",
      "resolved": "https://registry.npmjs.org/primeng/-/primeng-16.0.0-rc.2.tgz",
      "integrity": "sha512-jJr7cQ+s4fSlyuFK6sHIcRVnRvA1oEDzMW56ybm2tC2HXuozOkLF06eYqk7xwgbyD7vyyQIHjmPd8f2VcH89VA==",
      "peer": true,
      "dependencies": {
        "tslib": "^2.3.0"
      },
      "peerDependencies": {
        "@angular/common": "~16.0.0",
        "@angular/core": "~16.0.0",
        "@angular/forms": "~16.0.0",
        "rxjs": "^6.0.0 || ^7.8.1",
        "zone.js": "~0.13.0"
      }
    },
    "node_modules/rxjs": {
      "version": "7.8.1",
      "resolved": "https://registry.npmjs.org/rxjs/-/rxjs-7.8.1.tgz",
      "integrity": "sha512-AA3TVj+0A2iuIoQkWEK/tqFjBq2j+6PO6Y0zJcvzLAFhEFIO3HL0vls9hWLncZbAAbK0mar7oZ4V079I/qPMxg==",
      "peer": true,
      "dependencies": {
        "tslib": "^2.1.0"
      }
    },
    "node_modules/tslib": {
      "version": "2.5.0",
      "resolved": "https://registry.npmjs.org/tslib/-/tslib-2.5.0.tgz",
      "integrity": "sha512-336iVw3rtn2BUK7ORdIAHTyxHGRIHVReokCR3XjbckJMK7ms8FysBfhLR8IXnAgy7T0PTPNBWKiH514FOW/WSg==",
      "peer": true
    },
    "node_modules/zone.js": {
      "version": "0.13.0",
      "resolved": "https://registry.npmjs.org/zone.js/-/zone.js-0.13.0.tgz",
      "integrity": "sha512-7m3hNNyswsdoDobCkYNAy5WiUulkMd3+fWaGT9ij6iq3Zr/IwJo4RMCYPSDjT+r7tnPErmY9sZpKhWQ8S5k6XQ==",
      "peer": true,
      "dependencies": {
        "tslib": "^2.3.0"
      }
    }
  }
}
