{
  "name": "@ng-dynamic-json-form/ui-primeng",
  "lockfileVersion": 3,
  "requires": true,
  "packages": {
    "": {
      "name": "@ng-dynamic-json-form/ui-primeng",
      "peerDependencies": {
        "@angular/common": "^15.0.0",
        "@angular/core": "^15.0.0",
        "primeng": "^15.4.0"
      }
    },
    "node_modules/@angular/common": {
      "version": "15.2.8",
      "resolved": "https://registry.npmjs.org/@angular/common/-/common-15.2.8.tgz",
      "integrity": "sha512-yLDQihiRcVl38HrWMPbqgzOaSUw85AQH5BsGdjbS6BpoBQj3EXOpccCMFsuxOKxPG4toatgawNqrEnK0Jpv9Mw==",
      "peer": true,
      "dependencies": {
        "tslib": "^2.3.0"
      },
      "engines": {
        "node": "^14.20.0 || ^16.13.0 || >=18.10.0"
      },
      "peerDependencies": {
        "@angular/core": "15.2.8",
        "rxjs": "^6.5.3 || ^7.4.0"
      }
    },
    "node_modules/@angular/core": {
      "version": "15.2.8",
      "resolved": "https://registry.npmjs.org/@angular/core/-/core-15.2.8.tgz",
      "integrity": "sha512-NDs+g4uM4EhyCvluf8a0YBCFXsDAEfCMHOD5cS00Bl+liTQ7JwtmepkWXMyjLB92irC9JaR79kdy4BoIKOh8WA==",
      "peer": true,
      "dependencies": {
        "tslib": "^2.3.0"
      },
      "engines": {
        "node": "^14.20.0 || ^16.13.0 || >=18.10.0"
      },
      "peerDependencies": {
        "rxjs": "^6.5.3 || ^7.4.0",
        "zone.js": "~0.11.4 || ~0.12.0 || ~0.13.0"
      }
    },
    "node_modules/@angular/forms": {
      "version": "15.2.8",
      "resolved": "https://registry.npmjs.org/@angular/forms/-/forms-15.2.8.tgz",
      "integrity": "sha512-VyevVj20DdQWjAQUyiFTe+DAzqG9GqfAOWn376Y/lhPcwxAojXePTGNgtQud566/urDrNrP5haaLD6O36/3n+w==",
      "peer": true,
      "dependencies": {
        "tslib": "^2.3.0"
      },
      "engines": {
        "node": "^14.20.0 || ^16.13.0 || >=18.10.0"
      },
      "peerDependencies": {
        "@angular/common": "15.2.8",
        "@angular/core": "15.2.8",
        "@angular/platform-browser": "15.2.8",
        "rxjs": "^6.5.3 || ^7.4.0"
      }
    },
    "node_modules/@angular/platform-browser": {
      "version": "15.2.8",
      "resolved": "https://registry.npmjs.org/@angular/platform-browser/-/platform-browser-15.2.8.tgz",
      "integrity": "sha512-8sKFUld54inj0FnQ1ydhFxnDgsbbf43W9FALye/5uEtLgwwE/ZvkNYMaQ7hq1JPuQRMDj3gJkFqaLeFjplpHDA==",
      "peer": true,
      "dependencies": {
        "tslib": "^2.3.0"
      },
      "engines": {
        "node": "^14.20.0 || ^16.13.0 || >=18.10.0"
      },
      "peerDependencies": {
        "@angular/animations": "15.2.8",
        "@angular/common": "15.2.8",
        "@angular/core": "15.2.8"
      },
      "peerDependenciesMeta": {
        "@angular/animations": {
          "optional": true
        }
      }
    },
    "node_modules/primeng": {
      "version": "15.4.0",
      "resolved": "https://registry.npmjs.org/primeng/-/primeng-15.4.0.tgz",
      "integrity": "sha512-vr7J1fjnP9VwFMHKPyA7Pbv2COAhM+rTp2gjb80j+yQ9B4E1NNM/6k7yA0LJsBynUqgfuk/RXHH6BS+sJk5RDw==",
      "peer": true,
      "dependencies": {
        "tslib": "^2.3.0"
      },
      "peerDependencies": {
        "@angular/common": "^15.2.1",
        "@angular/core": "^15.2.1",
        "@angular/forms": "^15.2.1",
        "rxjs": "^6.0.0 || ^7.5.0",
        "zone.js": "^0.10.2 || ^0.11.0 || ^0.12.0 || ^0.13.0"
      }
    },
    "node_modules/rxjs": {
      "version": "7.8.0",
      "resolved": "https://registry.npmjs.org/rxjs/-/rxjs-7.8.0.tgz",
      "integrity": "sha512-F2+gxDshqmIub1KdvZkaEfGDwLNpPvk9Fs6LD/MyQxNgMds/WH9OdDDXOmxUZpME+iSK3rQCctkL0DYyytUqMg==",
      "peer": true,
      "dependencies": {
        "tslib": "^2.1.0"
      }
    },
    "node_modules/tslib": {
      "version": "2.5.0",
      "resolved": "https://registry.npmjs.org/tslib/-/tslib-2.5.0.tgz",
      "integrity": "sha512-336iVw3rtn2BUK7ORdIAHTyxHGRIHVReokCR3XjbckJMK7ms8FysBfhLR8IXnAgy7T0PTPNBWKiH514FOW/WSg==",
      "peer": true
    },
    "node_modules/zone.js": {
      "version": "0.13.0",
      "resolved": "https://registry.npmjs.org/zone.js/-/zone.js-0.13.0.tgz",
      "integrity": "sha512-7m3hNNyswsdoDobCkYNAy5WiUulkMd3+fWaGT9ij6iq3Zr/IwJo4RMCYPSDjT+r7tnPErmY9sZpKhWQ8S5k6XQ==",
      "peer": true,
      "dependencies": {
        "tslib": "^2.3.0"
      }
    }
  }
}
